{
  "requires": true,
  "lockfileVersion": 1,
  "dependencies": {
    "@fullcalendar/list": {
      "version": "4.3.0",
      "resolved": "https://registry.npmjs.org/@fullcalendar/list/-/list-4.3.0.tgz",
      "integrity": "sha512-Al+XaKynC4RsJpXyWOWJgrVQXFOSC+fg8DI4HGAt/mrrwazZ1L0pTQwCLeU8auZp53VFazCiNxV+jkAbuDdbDQ=="
    }
  }
}
